
Microsoft Visual Studio Solution File, Format Version 12.00
# Visual Studio Version 17
VisualStudioVersion = 17.13.35828.75
MinimumVisualStudioVersion = 10.0.40219.1
Project("{FAE04EC0-301F-11D3-BF4B-00C04F79EFBC}") = "PersonalDataWarehouse", "PersonalDataWarehouse.csproj", "{37F0024D-22F2-495A-ACF4-C2D2C6288446}"
EndProject
Global
	GlobalSection(SolutionConfigurationPlatforms) = preSolution
		Debug|Any CPU = Debug|Any CPU
		Release|Any CPU = Release|Any CPU
	EndGlobalSection
	GlobalSection(ProjectConfigurationPlatforms) = postSolution
		{37F0024D-22F2-495A-ACF4-C2D2C6288446}.Debug|Any CPU.ActiveCfg = Debug|Any CPU
		{37F0024D-22F2-495A-ACF4-C2D2C6288446}.Debug|Any CPU.Build.0 = Debug|Any CPU
		{37F0024D-22F2-495A-ACF4-C2D2C6288446}.Debug|Any CPU.Deploy.0 = Debug|Any CPU
		{37F0024D-22F2-495A-ACF4-C2D2C6288446}.Release|Any CPU.ActiveCfg = Release|Any CPU
		{37F0024D-22F2-495A-ACF4-C2D2C6288446}.Release|Any CPU.Build.0 = Release|Any CPU
	EndGlobalSection
	GlobalSection(SolutionProperties) = preSolution
		HideSolutionNode = FALSE
	EndGlobalSection
	GlobalSection(ExtensibilityGlobals) = postSolution
		SolutionGuid = {E7CF03DD-5C63-4316-9B76-07A96AEA19C3}
	EndGlobalSection
EndGlobal
